// !$*UTF8*$!
{
	archiveVersion = 1;
	classes = {
	};
	objectVersion = 51;
	objects = {

/* Begin PBXBuildFile section */
		2E830BD3019290DE58CB3729 /* Pods_testttttttt.framework in Frameworks */ = {isa = PBXBuildFile; fileRef = AC453DB9426B0054C38B20EE /* Pods_testttttttt.framework */; };
		6950F341262FF57F00F830A5 /* SearchBarView.xib in Resources */ = {isa = PBXBuildFile; fileRef = 6950F340262FF57F00F830A5 /* SearchBarView.xib */; };
		6950F346263001D700F830A5 /* SearchBarView.swift in Sources */ = {isa = PBXBuildFile; fileRef = 6950F345263001D700F830A5 /* SearchBarView.swift */; };
		6950F34C263007F500F830A5 /* SearchBarTableViewCell.swift in Sources */ = {isa = PBXBuildFile; fileRef = 6950F34A263007F500F830A5 /* SearchBarTableViewCell.swift */; };
		6950F34D263007F500F830A5 /* SearchBarTableViewCell.xib in Resources */ = {isa = PBXBuildFile; fileRef = 6950F34B263007F500F830A5 /* SearchBarTableViewCell.xib */; };
		6950F3522630119900F830A5 /* SearchBarComponent.swift in Sources */ = {isa = PBXBuildFile; fileRef = 6950F3512630119900F830A5 /* SearchBarComponent.swift */; };
		695FF750261EC17D00E436AF /* View.xib in Resources */ = {isa = PBXBuildFile; fileRef = 695FF74F261EC17D00E436AF /* View.xib */; };
		695FF755261EC18B00E436AF /* VIew.swift in Sources */ = {isa = PBXBuildFile; fileRef = 695FF754261EC18B00E436AF /* VIew.swift */; };
		695FF75D261EC71600E436AF /* ttttt.swift in Sources */ = {isa = PBXBuildFile; fileRef = 695FF75C261EC71600E436AF /* ttttt.swift */; };
		695FF762261EC89A00E436AF /* ToastNotificationView.xib in Resources */ = {isa = PBXBuildFile; fileRef = 695FF761261EC89A00E436AF /* ToastNotificationView.xib */; };
		695FF767261EC8A100E436AF /* ToastNotificationView.swift in Sources */ = {isa = PBXBuildFile; fileRef = 695FF766261EC8A100E436AF /* ToastNotificationView.swift */; };
		69AC262D25E7A2440070F119 /* AppDelegate.swift in Sources */ = {isa = PBXBuildFile; fileRef = 69AC262C25E7A2440070F119 /* AppDelegate.swift */; };
		69AC262F25E7A2440070F119 /* SceneDelegate.swift in Sources */ = {isa = PBXBuildFile; fileRef = 69AC262E25E7A2440070F119 /* SceneDelegate.swift */; };
		69AC263125E7A2440070F119 /* ViewController.swift in Sources */ = {isa = PBXBuildFile; fileRef = 69AC263025E7A2440070F119 /* ViewController.swift */; };
		69AC263425E7A2440070F119 /* Main.storyboard in Resources */ = {isa = PBXBuildFile; fileRef = 69AC263225E7A2440070F119 /* Main.storyboard */; };
		69AC263625E7A2440070F119 /* Assets.xcassets in Resources */ = {isa = PBXBuildFile; fileRef = 69AC263525E7A2440070F119 /* Assets.xcassets */; };
		69AC263925E7A2440070F119 /* LaunchScreen.storyboard in Resources */ = {isa = PBXBuildFile; fileRef = 69AC263725E7A2440070F119 /* LaunchScreen.storyboard */; };
		69AC264425E7A2450070F119 /* testtttttttTests.swift in Sources */ = {isa = PBXBuildFile; fileRef = 69AC264325E7A2450070F119 /* testtttttttTests.swift */; };
		69AC264F25E7A2450070F119 /* testtttttttUITests.swift in Sources */ = {isa = PBXBuildFile; fileRef = 69AC264E25E7A2450070F119 /* testtttttttUITests.swift */; };
		69AC266925E7A2860070F119 /* MainConfiguration.swift in Sources */ = {isa = PBXBuildFile; fileRef = 69AC266125E7A2860070F119 /* MainConfiguration.swift */; };
		69AC266A25E7A2860070F119 /* MainPresenter.swift in Sources */ = {isa = PBXBuildFile; fileRef = 69AC266225E7A2860070F119 /* MainPresenter.swift */; };
		69AC266B25E7A2860070F119 /* MainWorker.swift in Sources */ = {isa = PBXBuildFile; fileRef = 69AC266325E7A2860070F119 /* MainWorker.swift */; };
		69AC266C25E7A2860070F119 /* MainRouter.swift in Sources */ = {isa = PBXBuildFile; fileRef = 69AC266425E7A2860070F119 /* MainRouter.swift */; };
		69AC266D25E7A2860070F119 /* MainModels.swift in Sources */ = {isa = PBXBuildFile; fileRef = 69AC266525E7A2860070F119 /* MainModels.swift */; };
		69AC266E25E7A2860070F119 /* MainViewController.swift in Sources */ = {isa = PBXBuildFile; fileRef = 69AC266625E7A2860070F119 /* MainViewController.swift */; };
		69AC266F25E7A2860070F119 /* MainInteractor.swift in Sources */ = {isa = PBXBuildFile; fileRef = 69AC266725E7A2860070F119 /* MainInteractor.swift */; };
		69AC267025E7A2860070F119 /* MainProtocol.swift in Sources */ = {isa = PBXBuildFile; fileRef = 69AC266825E7A2860070F119 /* MainProtocol.swift */; };
		69AC268925E7B1970070F119 /* TableDynamicConfiguration.swift in Sources */ = {isa = PBXBuildFile; fileRef = 69AC268125E7B1970070F119 /* TableDynamicConfiguration.swift */; };
		69AC268A25E7B1970070F119 /* TableDynamicPresenter.swift in Sources */ = {isa = PBXBuildFile; fileRef = 69AC268225E7B1970070F119 /* TableDynamicPresenter.swift */; };
		69AC268B25E7B1970070F119 /* TableDynamicWorker.swift in Sources */ = {isa = PBXBuildFile; fileRef = 69AC268325E7B1970070F119 /* TableDynamicWorker.swift */; };
		69AC268C25E7B1970070F119 /* TableDynamicRouter.swift in Sources */ = {isa = PBXBuildFile; fileRef = 69AC268425E7B1970070F119 /* TableDynamicRouter.swift */; };
		69AC268D25E7B1970070F119 /* TableDynamicModels.swift in Sources */ = {isa = PBXBuildFile; fileRef = 69AC268525E7B1970070F119 /* TableDynamicModels.swift */; };
		69AC268E25E7B1970070F119 /* TableDynamicViewController.swift in Sources */ = {isa = PBXBuildFile; fileRef = 69AC268625E7B1970070F119 /* TableDynamicViewController.swift */; };
		69AC268F25E7B1970070F119 /* TableDynamicInteractor.swift in Sources */ = {isa = PBXBuildFile; fileRef = 69AC268725E7B1970070F119 /* TableDynamicInteractor.swift */; };
		69AC269025E7B1970070F119 /* TableDynamicProtocol.swift in Sources */ = {isa = PBXBuildFile; fileRef = 69AC268825E7B1970070F119 /* TableDynamicProtocol.swift */; };
		69AC269725E7B4E30070F119 /* TableViewCell.swift in Sources */ = {isa = PBXBuildFile; fileRef = 69AC269525E7B4E30070F119 /* TableViewCell.swift */; };
		69AC269825E7B4E30070F119 /* TableViewCell.xib in Resources */ = {isa = PBXBuildFile; fileRef = 69AC269625E7B4E30070F119 /* TableViewCell.xib */; };
		D0BF3437D2776FB9FB7028EC /* Pods_testttttttt_testtttttttUITests.framework in Frameworks */ = {isa = PBXBuildFile; fileRef = C7B699798F48443FB4203CDE /* Pods_testttttttt_testtttttttUITests.framework */; };
		D9F9786B531C8728D30A1380 /* Pods_testtttttttTests.framework in Frameworks */ = {isa = PBXBuildFile; fileRef = 2E6224E75BA6153A5EFC6D96 /* Pods_testtttttttTests.framework */; };
		F1193B02266DD73E00AA1FCE /* TestConfiguration.swift in Sources */ = {isa = PBXBuildFile; fileRef = F1193AFA266DD73E00AA1FCE /* TestConfiguration.swift */; };
		F1193B03266DD73E00AA1FCE /* TestPresenter.swift in Sources */ = {isa = PBXBuildFile; fileRef = F1193AFB266DD73E00AA1FCE /* TestPresenter.swift */; };
		F1193B04266DD73E00AA1FCE /* TestWorker.swift in Sources */ = {isa = PBXBuildFile; fileRef = F1193AFC266DD73E00AA1FCE /* TestWorker.swift */; };
		F1193B05266DD73E00AA1FCE /* TestRouter.swift in Sources */ = {isa = PBXBuildFile; fileRef = F1193AFD266DD73E00AA1FCE /* TestRouter.swift */; };
		F1193B06266DD73E00AA1FCE /* TestModels.swift in Sources */ = {isa = PBXBuildFile; fileRef = F1193AFE266DD73E00AA1FCE /* TestModels.swift */; };
		F1193B07266DD73E00AA1FCE /* TestViewController.swift in Sources */ = {isa = PBXBuildFile; fileRef = F1193AFF266DD73E00AA1FCE /* TestViewController.swift */; };
		F1193B08266DD73E00AA1FCE /* TestInteractor.swift in Sources */ = {isa = PBXBuildFile; fileRef = F1193B00266DD73E00AA1FCE /* TestInteractor.swift */; };
		F1193B09266DD73E00AA1FCE /* TestProtocol.swift in Sources */ = {isa = PBXBuildFile; fileRef = F1193B01266DD73E00AA1FCE /* TestProtocol.swift */; };
/* End PBXBuildFile section */

/* Begin PBXContainerItemProxy section */
		69AC264025E7A2450070F119 /* PBXContainerItemProxy */ = {
			isa = PBXContainerItemProxy;
			containerPortal = 69AC262125E7A2440070F119 /* Project object */;
			proxyType = 1;
			remoteGlobalIDString = 69AC262825E7A2440070F119;
			remoteInfo = testttttttt;
		};
		69AC264B25E7A2450070F119 /* PBXContainerItemProxy */ = {
			isa = PBXContainerItemProxy;
			containerPortal = 69AC262125E7A2440070F119 /* Project object */;
			proxyType = 1;
			remoteGlobalIDString = 69AC262825E7A2440070F119;
			remoteInfo = testttttttt;
		};
/* End PBXContainerItemProxy section */

/* Begin PBXFileReference section */
		1D326BFD4850F592FABC627C /* Pods-testtttttttTests.debug.xcconfig */ = {isa = PBXFileReference; includeInIndex = 1; lastKnownFileType = text.xcconfig; name = "Pods-testtttttttTests.debug.xcconfig"; path = "Target Support Files/Pods-testtttttttTests/Pods-testtttttttTests.debug.xcconfig"; sourceTree = "<group>"; };
		2E6224E75BA6153A5EFC6D96 /* Pods_testtttttttTests.framework */ = {isa = PBXFileReference; explicitFileType = wrapper.framework; includeInIndex = 0; path = Pods_testtttttttTests.framework; sourceTree = BUILT_PRODUCTS_DIR; };
		507E810517FF41C96ED309C2 /* Pods-testttttttt-testtttttttUITests.release.xcconfig */ = {isa = PBXFileReference; includeInIndex = 1; lastKnownFileType = text.xcconfig; name = "Pods-testttttttt-testtttttttUITests.release.xcconfig"; path = "Target Support Files/Pods-testttttttt-testtttttttUITests/Pods-testttttttt-testtttttttUITests.release.xcconfig"; sourceTree = "<group>"; };
		6950F340262FF57F00F830A5 /* SearchBarView.xib */ = {isa = PBXFileReference; lastKnownFileType = file.xib; path = SearchBarView.xib; sourceTree = "<group>"; };
		6950F345263001D700F830A5 /* SearchBarView.swift */ = {isa = PBXFileReference; lastKnownFileType = sourcecode.swift; path = SearchBarView.swift; sourceTree = "<group>"; };
		6950F34A263007F500F830A5 /* SearchBarTableViewCell.swift */ = {isa = PBXFileReference; lastKnownFileType = sourcecode.swift; path = SearchBarTableViewCell.swift; sourceTree = "<group>"; };
		6950F34B263007F500F830A5 /* SearchBarTableViewCell.xib */ = {isa = PBXFileReference; lastKnownFileType = file.xib; path = SearchBarTableViewCell.xib; sourceTree = "<group>"; };
		6950F3512630119900F830A5 /* SearchBarComponent.swift */ = {isa = PBXFileReference; lastKnownFileType = sourcecode.swift; path = SearchBarComponent.swift; sourceTree = "<group>"; };
		695FF74F261EC17D00E436AF /* View.xib */ = {isa = PBXFileReference; lastKnownFileType = file.xib; path = View.xib; sourceTree = "<group>"; };
		695FF754261EC18B00E436AF /* VIew.swift */ = {isa = PBXFileReference; lastKnownFileType = sourcecode.swift; path = VIew.swift; sourceTree = "<group>"; };
		695FF75C261EC71600E436AF /* ttttt.swift */ = {isa = PBXFileReference; lastKnownFileType = sourcecode.swift; path = ttttt.swift; sourceTree = "<group>"; };
		695FF761261EC89A00E436AF /* ToastNotificationView.xib */ = {isa = PBXFileReference; fileEncoding = 4; lastKnownFileType = file.xib; path = ToastNotificationView.xib; sourceTree = "<group>"; };
		695FF766261EC8A100E436AF /* ToastNotificationView.swift */ = {isa = PBXFileReference; fileEncoding = 4; lastKnownFileType = sourcecode.swift; path = ToastNotificationView.swift; sourceTree = "<group>"; };
		69AC262925E7A2440070F119 /* testttttttt.app */ = {isa = PBXFileReference; explicitFileType = wrapper.application; includeInIndex = 0; path = testttttttt.app; sourceTree = BUILT_PRODUCTS_DIR; };
		69AC262C25E7A2440070F119 /* AppDelegate.swift */ = {isa = PBXFileReference; lastKnownFileType = sourcecode.swift; path = AppDelegate.swift; sourceTree = "<group>"; };
		69AC262E25E7A2440070F119 /* SceneDelegate.swift */ = {isa = PBXFileReference; lastKnownFileType = sourcecode.swift; path = SceneDelegate.swift; sourceTree = "<group>"; };
		69AC263025E7A2440070F119 /* ViewController.swift */ = {isa = PBXFileReference; lastKnownFileType = sourcecode.swift; path = ViewController.swift; sourceTree = "<group>"; };
		69AC263325E7A2440070F119 /* Base */ = {isa = PBXFileReference; lastKnownFileType = file.storyboard; name = Base; path = Base.lproj/Main.storyboard; sourceTree = "<group>"; };
		69AC263525E7A2440070F119 /* Assets.xcassets */ = {isa = PBXFileReference; lastKnownFileType = folder.assetcatalog; path = Assets.xcassets; sourceTree = "<group>"; };
		69AC263825E7A2440070F119 /* Base */ = {isa = PBXFileReference; lastKnownFileType = file.storyboard; name = Base; path = Base.lproj/LaunchScreen.storyboard; sourceTree = "<group>"; };
		69AC263A25E7A2440070F119 /* Info.plist */ = {isa = PBXFileReference; lastKnownFileType = text.plist.xml; path = Info.plist; sourceTree = "<group>"; };
		69AC263F25E7A2450070F119 /* testtttttttTests.xctest */ = {isa = PBXFileReference; explicitFileType = wrapper.cfbundle; includeInIndex = 0; path = testtttttttTests.xctest; sourceTree = BUILT_PRODUCTS_DIR; };
		69AC264325E7A2450070F119 /* testtttttttTests.swift */ = {isa = PBXFileReference; lastKnownFileType = sourcecode.swift; path = testtttttttTests.swift; sourceTree = "<group>"; };
		69AC264525E7A2450070F119 /* Info.plist */ = {isa = PBXFileReference; lastKnownFileType = text.plist.xml; path = Info.plist; sourceTree = "<group>"; };
		69AC264A25E7A2450070F119 /* testtttttttUITests.xctest */ = {isa = PBXFileReference; explicitFileType = wrapper.cfbundle; includeInIndex = 0; path = testtttttttUITests.xctest; sourceTree = BUILT_PRODUCTS_DIR; };
		69AC264E25E7A2450070F119 /* testtttttttUITests.swift */ = {isa = PBXFileReference; lastKnownFileType = sourcecode.swift; path = testtttttttUITests.swift; sourceTree = "<group>"; };
		69AC265025E7A2450070F119 /* Info.plist */ = {isa = PBXFileReference; lastKnownFileType = text.plist.xml; path = Info.plist; sourceTree = "<group>"; };
		69AC266125E7A2860070F119 /* MainConfiguration.swift */ = {isa = PBXFileReference; lastKnownFileType = sourcecode.swift; path = MainConfiguration.swift; sourceTree = "<group>"; };
		69AC266225E7A2860070F119 /* MainPresenter.swift */ = {isa = PBXFileReference; lastKnownFileType = sourcecode.swift; path = MainPresenter.swift; sourceTree = "<group>"; };
		69AC266325E7A2860070F119 /* MainWorker.swift */ = {isa = PBXFileReference; lastKnownFileType = sourcecode.swift; path = MainWorker.swift; sourceTree = "<group>"; };
		69AC266425E7A2860070F119 /* MainRouter.swift */ = {isa = PBXFileReference; lastKnownFileType = sourcecode.swift; path = MainRouter.swift; sourceTree = "<group>"; };
		69AC266525E7A2860070F119 /* MainModels.swift */ = {isa = PBXFileReference; lastKnownFileType = sourcecode.swift; path = MainModels.swift; sourceTree = "<group>"; };
		69AC266625E7A2860070F119 /* MainViewController.swift */ = {isa = PBXFileReference; lastKnownFileType = sourcecode.swift; path = MainViewController.swift; sourceTree = "<group>"; };
		69AC266725E7A2860070F119 /* MainInteractor.swift */ = {isa = PBXFileReference; lastKnownFileType = sourcecode.swift; path = MainInteractor.swift; sourceTree = "<group>"; };
		69AC266825E7A2860070F119 /* MainProtocol.swift */ = {isa = PBXFileReference; lastKnownFileType = sourcecode.swift; path = MainProtocol.swift; sourceTree = "<group>"; };
		69AC268125E7B1970070F119 /* TableDynamicConfiguration.swift */ = {isa = PBXFileReference; lastKnownFileType = sourcecode.swift; path = TableDynamicConfiguration.swift; sourceTree = "<group>"; };
		69AC268225E7B1970070F119 /* TableDynamicPresenter.swift */ = {isa = PBXFileReference; lastKnownFileType = sourcecode.swift; path = TableDynamicPresenter.swift; sourceTree = "<group>"; };
		69AC268325E7B1970070F119 /* TableDynamicWorker.swift */ = {isa = PBXFileReference; lastKnownFileType = sourcecode.swift; path = TableDynamicWorker.swift; sourceTree = "<group>"; };
		69AC268425E7B1970070F119 /* TableDynamicRouter.swift */ = {isa = PBXFileReference; lastKnownFileType = sourcecode.swift; path = TableDynamicRouter.swift; sourceTree = "<group>"; };
		69AC268525E7B1970070F119 /* TableDynamicModels.swift */ = {isa = PBXFileReference; lastKnownFileType = sourcecode.swift; path = TableDynamicModels.swift; sourceTree = "<group>"; };
		69AC268625E7B1970070F119 /* TableDynamicViewController.swift */ = {isa = PBXFileReference; lastKnownFileType = sourcecode.swift; path = TableDynamicViewController.swift; sourceTree = "<group>"; };
		69AC268725E7B1970070F119 /* TableDynamicInteractor.swift */ = {isa = PBXFileReference; lastKnownFileType = sourcecode.swift; path = TableDynamicInteractor.swift; sourceTree = "<group>"; };
		69AC268825E7B1970070F119 /* TableDynamicProtocol.swift */ = {isa = PBXFileReference; lastKnownFileType = sourcecode.swift; path = TableDynamicProtocol.swift; sourceTree = "<group>"; };
		69AC269525E7B4E30070F119 /* TableViewCell.swift */ = {isa = PBXFileReference; lastKnownFileType = sourcecode.swift; path = TableViewCell.swift; sourceTree = "<group>"; };
		69AC269625E7B4E30070F119 /* TableViewCell.xib */ = {isa = PBXFileReference; lastKnownFileType = file.xib; path = TableViewCell.xib; sourceTree = "<group>"; };
		AC453DB9426B0054C38B20EE /* Pods_testttttttt.framework */ = {isa = PBXFileReference; explicitFileType = wrapper.framework; includeInIndex = 0; path = Pods_testttttttt.framework; sourceTree = BUILT_PRODUCTS_DIR; };
		B0328B7E3DD45471C8C62A20 /* Pods-testttttttt.release.xcconfig */ = {isa = PBXFileReference; includeInIndex = 1; lastKnownFileType = text.xcconfig; name = "Pods-testttttttt.release.xcconfig"; path = "Target Support Files/Pods-testttttttt/Pods-testttttttt.release.xcconfig"; sourceTree = "<group>"; };
		C5C760D90655ABEF6335669C /* Pods-testttttttt-testtttttttUITests.debug.xcconfig */ = {isa = PBXFileReference; includeInIndex = 1; lastKnownFileType = text.xcconfig; name = "Pods-testttttttt-testtttttttUITests.debug.xcconfig"; path = "Target Support Files/Pods-testttttttt-testtttttttUITests/Pods-testttttttt-testtttttttUITests.debug.xcconfig"; sourceTree = "<group>"; };
		C7B699798F48443FB4203CDE /* Pods_testttttttt_testtttttttUITests.framework */ = {isa = PBXFileReference; explicitFileType = wrapper.framework; includeInIndex = 0; path = Pods_testttttttt_testtttttttUITests.framework; sourceTree = BUILT_PRODUCTS_DIR; };
		E83DFCC17D17CC19D84EA1B7 /* Pods-testttttttt.debug.xcconfig */ = {isa = PBXFileReference; includeInIndex = 1; lastKnownFileType = text.xcconfig; name = "Pods-testttttttt.debug.xcconfig"; path = "Target Support Files/Pods-testttttttt/Pods-testttttttt.debug.xcconfig"; sourceTree = "<group>"; };
		F1193AFA266DD73E00AA1FCE /* TestConfiguration.swift */ = {isa = PBXFileReference; lastKnownFileType = sourcecode.swift; path = TestConfiguration.swift; sourceTree = "<group>"; };
		F1193AFB266DD73E00AA1FCE /* TestPresenter.swift */ = {isa = PBXFileReference; lastKnownFileType = sourcecode.swift; path = TestPresenter.swift; sourceTree = "<group>"; };
		F1193AFC266DD73E00AA1FCE /* TestWorker.swift */ = {isa = PBXFileReference; lastKnownFileType = sourcecode.swift; path = TestWorker.swift; sourceTree = "<group>"; };
		F1193AFD266DD73E00AA1FCE /* TestRouter.swift */ = {isa = PBXFileReference; lastKnownFileType = sourcecode.swift; path = TestRouter.swift; sourceTree = "<group>"; };
		F1193AFE266DD73E00AA1FCE /* TestModels.swift */ = {isa = PBXFileReference; lastKnownFileType = sourcecode.swift; path = TestModels.swift; sourceTree = "<group>"; };
		F1193AFF266DD73E00AA1FCE /* TestViewController.swift */ = {isa = PBXFileReference; lastKnownFileType = sourcecode.swift; path = TestViewController.swift; sourceTree = "<group>"; };
		F1193B00266DD73E00AA1FCE /* TestInteractor.swift */ = {isa = PBXFileReference; lastKnownFileType = sourcecode.swift; path = TestInteractor.swift; sourceTree = "<group>"; };
		F1193B01266DD73E00AA1FCE /* TestProtocol.swift */ = {isa = PBXFileReference; lastKnownFileType = sourcecode.swift; path = TestProtocol.swift; sourceTree = "<group>"; };
		F43306A75E6D45855BD1C8F0 /* Pods-testtttttttTests.release.xcconfig */ = {isa = PBXFileReference; includeInIndex = 1; lastKnownFileType = text.xcconfig; name = "Pods-testtttttttTests.release.xcconfig"; path = "Target Support Files/Pods-testtttttttTests/Pods-testtttttttTests.release.xcconfig"; sourceTree = "<group>"; };
/* End PBXFileReference section */

/* Begin PBXFrameworksBuildPhase section */
		69AC262625E7A2440070F119 /* Frameworks */ = {
			isa = PBXFrameworksBuildPhase;
			buildActionMask = 2147483647;
			files = (
				2E830BD3019290DE58CB3729 /* Pods_testttttttt.framework in Frameworks */,
			);
			runOnlyForDeploymentPostprocessing = 0;
		};
		69AC263C25E7A2450070F119 /* Frameworks */ = {
			isa = PBXFrameworksBuildPhase;
			buildActionMask = 2147483647;
			files = (
				D9F9786B531C8728D30A1380 /* Pods_testtttttttTests.framework in Frameworks */,
			);
			runOnlyForDeploymentPostprocessing = 0;
		};
		69AC264725E7A2450070F119 /* Frameworks */ = {
			isa = PBXFrameworksBuildPhase;
			buildActionMask = 2147483647;
			files = (
				D0BF3437D2776FB9FB7028EC /* Pods_testttttttt_testtttttttUITests.framework in Frameworks */,
			);
			runOnlyForDeploymentPostprocessing = 0;
		};
/* End PBXFrameworksBuildPhase section */

/* Begin PBXGroup section */
		15D585F835766C86CED439FC /* Pods */ = {
			isa = PBXGroup;
			children = (
				E83DFCC17D17CC19D84EA1B7 /* Pods-testttttttt.debug.xcconfig */,
				B0328B7E3DD45471C8C62A20 /* Pods-testttttttt.release.xcconfig */,
				C5C760D90655ABEF6335669C /* Pods-testttttttt-testtttttttUITests.debug.xcconfig */,
				507E810517FF41C96ED309C2 /* Pods-testttttttt-testtttttttUITests.release.xcconfig */,
				1D326BFD4850F592FABC627C /* Pods-testtttttttTests.debug.xcconfig */,
				F43306A75E6D45855BD1C8F0 /* Pods-testtttttttTests.release.xcconfig */,
			);
			path = Pods;
			sourceTree = "<group>";
		};
		690EAAA62648D6060069C687 /* Sorce */ = {
			isa = PBXGroup;
			children = (
				695FF74C261EC14F00E436AF /* CustomView */,
			);
			path = Sorce;
			sourceTree = "<group>";
		};
		6950F33F262FF40700F830A5 /* SearchBar */ = {
			isa = PBXGroup;
			children = (
				6950F340262FF57F00F830A5 /* SearchBarView.xib */,
				6950F345263001D700F830A5 /* SearchBarView.swift */,
				6950F3512630119900F830A5 /* SearchBarComponent.swift */,
			);
			path = SearchBar;
			sourceTree = "<group>";
		};
		695FF74C261EC14F00E436AF /* CustomView */ = {
			isa = PBXGroup;
			children = (
				6950F33F262FF40700F830A5 /* SearchBar */,
				695FF74E261EC17000E436AF /* ex */,
				695FF74D261EC15B00E436AF /* Toast */,
			);
			path = CustomView;
			sourceTree = "<group>";
		};
		695FF74D261EC15B00E436AF /* Toast */ = {
			isa = PBXGroup;
			children = (
				695FF75C261EC71600E436AF /* ttttt.swift */,
				695FF766261EC8A100E436AF /* ToastNotificationView.swift */,
				695FF761261EC89A00E436AF /* ToastNotificationView.xib */,
			);
			path = Toast;
			sourceTree = "<group>";
		};
		695FF74E261EC17000E436AF /* ex */ = {
			isa = PBXGroup;
			children = (
				695FF74F261EC17D00E436AF /* View.xib */,
				695FF754261EC18B00E436AF /* VIew.swift */,
			);
			path = ex;
			sourceTree = "<group>";
		};
		69AC262025E7A2440070F119 = {
			isa = PBXGroup;
			children = (
				69AC262B25E7A2440070F119 /* testttttttt */,
				69AC264225E7A2450070F119 /* testtttttttTests */,
				69AC264D25E7A2450070F119 /* testtttttttUITests */,
				69AC262A25E7A2440070F119 /* Products */,
				15D585F835766C86CED439FC /* Pods */,
				9A5D9990F5B32A3E60E0BF97 /* Frameworks */,
			);
			sourceTree = "<group>";
		};
		69AC262A25E7A2440070F119 /* Products */ = {
			isa = PBXGroup;
			children = (
				69AC262925E7A2440070F119 /* testttttttt.app */,
				69AC263F25E7A2450070F119 /* testtttttttTests.xctest */,
				69AC264A25E7A2450070F119 /* testtttttttUITests.xctest */,
			);
			name = Products;
			sourceTree = "<group>";
		};
		69AC262B25E7A2440070F119 /* testttttttt */ = {
			isa = PBXGroup;
			children = (
				69AC265F25E7A2600070F119 /* Feature */,
				69AC262C25E7A2440070F119 /* AppDelegate.swift */,
				69AC262E25E7A2440070F119 /* SceneDelegate.swift */,
				69AC263025E7A2440070F119 /* ViewController.swift */,
				69AC263225E7A2440070F119 /* Main.storyboard */,
				69AC263525E7A2440070F119 /* Assets.xcassets */,
				69AC263725E7A2440070F119 /* LaunchScreen.storyboard */,
				69AC263A25E7A2440070F119 /* Info.plist */,
				690EAAA62648D6060069C687 /* Sorce */,
			);
			path = testttttttt;
			sourceTree = "<group>";
		};
		69AC264225E7A2450070F119 /* testtttttttTests */ = {
			isa = PBXGroup;
			children = (
				69AC264325E7A2450070F119 /* testtttttttTests.swift */,
				69AC264525E7A2450070F119 /* Info.plist */,
			);
			path = testtttttttTests;
			sourceTree = "<group>";
		};
		69AC264D25E7A2450070F119 /* testtttttttUITests */ = {
			isa = PBXGroup;
			children = (
				69AC264E25E7A2450070F119 /* testtttttttUITests.swift */,
				69AC265025E7A2450070F119 /* Info.plist */,
			);
			path = testtttttttUITests;
			sourceTree = "<group>";
		};
		69AC265F25E7A2600070F119 /* Feature */ = {
			isa = PBXGroup;
			children = (
				F1193AF9266DD72D00AA1FCE /* New Group */,
				69AC268025E7B1720070F119 /* Table */,
				69AC266025E7A2710070F119 /* Main */,
			);
			path = Feature;
			sourceTree = "<group>";
		};
		69AC266025E7A2710070F119 /* Main */ = {
			isa = PBXGroup;
			children = (
				69AC266125E7A2860070F119 /* MainConfiguration.swift */,
				69AC266225E7A2860070F119 /* MainPresenter.swift */,
				69AC266325E7A2860070F119 /* MainWorker.swift */,
				69AC266425E7A2860070F119 /* MainRouter.swift */,
				69AC266525E7A2860070F119 /* MainModels.swift */,
				69AC266625E7A2860070F119 /* MainViewController.swift */,
				69AC266725E7A2860070F119 /* MainInteractor.swift */,
				69AC266825E7A2860070F119 /* MainProtocol.swift */,
			);
			path = Main;
			sourceTree = "<group>";
		};
		69AC268025E7B1720070F119 /* Table */ = {
			isa = PBXGroup;
			children = (
				69AC269425E7B4D30070F119 /* UI */,
				69AC268125E7B1970070F119 /* TableDynamicConfiguration.swift */,
				69AC268225E7B1970070F119 /* TableDynamicPresenter.swift */,
				69AC268325E7B1970070F119 /* TableDynamicWorker.swift */,
				69AC268425E7B1970070F119 /* TableDynamicRouter.swift */,
				69AC268525E7B1970070F119 /* TableDynamicModels.swift */,
				69AC268625E7B1970070F119 /* TableDynamicViewController.swift */,
				69AC268725E7B1970070F119 /* TableDynamicInteractor.swift */,
				69AC268825E7B1970070F119 /* TableDynamicProtocol.swift */,
			);
			path = Table;
			sourceTree = "<group>";
		};
		69AC269425E7B4D30070F119 /* UI */ = {
			isa = PBXGroup;
			children = (
				69AC269525E7B4E30070F119 /* TableViewCell.swift */,
				69AC269625E7B4E30070F119 /* TableViewCell.xib */,
				6950F34A263007F500F830A5 /* SearchBarTableViewCell.swift */,
				6950F34B263007F500F830A5 /* SearchBarTableViewCell.xib */,
			);
			path = UI;
			sourceTree = "<group>";
		};
		9A5D9990F5B32A3E60E0BF97 /* Frameworks */ = {
			isa = PBXGroup;
			children = (
				AC453DB9426B0054C38B20EE /* Pods_testttttttt.framework */,
				C7B699798F48443FB4203CDE /* Pods_testttttttt_testtttttttUITests.framework */,
				2E6224E75BA6153A5EFC6D96 /* Pods_testtttttttTests.framework */,
			);
			name = Frameworks;
			sourceTree = "<group>";
		};
		F1193AF9266DD72D00AA1FCE /* New Group */ = {
			isa = PBXGroup;
			children = (
				F1193AFA266DD73E00AA1FCE /* TestConfiguration.swift */,
				F1193AFB266DD73E00AA1FCE /* TestPresenter.swift */,
				F1193AFC266DD73E00AA1FCE /* TestWorker.swift */,
				F1193AFD266DD73E00AA1FCE /* TestRouter.swift */,
				F1193AFE266DD73E00AA1FCE /* TestModels.swift */,
				F1193AFF266DD73E00AA1FCE /* TestViewController.swift */,
				F1193B00266DD73E00AA1FCE /* TestInteractor.swift */,
				F1193B01266DD73E00AA1FCE /* TestProtocol.swift */,
			);
			path = "New Group";
			sourceTree = "<group>";
		};
/* End PBXGroup section */

/* Begin PBXNativeTarget section */
		69AC262825E7A2440070F119 /* testttttttt */ = {
			isa = PBXNativeTarget;
			buildConfigurationList = 69AC265325E7A2450070F119 /* Build configuration list for PBXNativeTarget "testttttttt" */;
			buildPhases = (
				2D0BFC056E1C357980ED0D90 /* [CP] Check Pods Manifest.lock */,
				69AC262525E7A2440070F119 /* Sources */,
				69AC262625E7A2440070F119 /* Frameworks */,
				69AC262725E7A2440070F119 /* Resources */,
				2656DC6D80532B3C610F8BD4 /* [CP] Embed Pods Frameworks */,
			);
			buildRules = (
			);
			dependencies = (
			);
			name = testttttttt;
			productName = testttttttt;
			productReference = 69AC262925E7A2440070F119 /* testttttttt.app */;
			productType = "com.apple.product-type.application";
		};
		69AC263E25E7A2450070F119 /* testtttttttTests */ = {
			isa = PBXNativeTarget;
			buildConfigurationList = 69AC265625E7A2450070F119 /* Build configuration list for PBXNativeTarget "testtttttttTests" */;
			buildPhases = (
				6839E638D16B52E43E4EDB16 /* [CP] Check Pods Manifest.lock */,
				69AC263B25E7A2450070F119 /* Sources */,
				69AC263C25E7A2450070F119 /* Frameworks */,
				69AC263D25E7A2450070F119 /* Resources */,
			);
			buildRules = (
			);
			dependencies = (
				69AC264125E7A2450070F119 /* PBXTargetDependency */,
			);
			name = testtttttttTests;
			productName = testtttttttTests;
			productReference = 69AC263F25E7A2450070F119 /* testtttttttTests.xctest */;
			productType = "com.apple.product-type.bundle.unit-test";
		};
		69AC264925E7A2450070F119 /* testtttttttUITests */ = {
			isa = PBXNativeTarget;
			buildConfigurationList = 69AC265925E7A2450070F119 /* Build configuration list for PBXNativeTarget "testtttttttUITests" */;
			buildPhases = (
				938C9E55182757CADE1A308A /* [CP] Check Pods Manifest.lock */,
				69AC264625E7A2450070F119 /* Sources */,
				69AC264725E7A2450070F119 /* Frameworks */,
				69AC264825E7A2450070F119 /* Resources */,
				135EBEA1CA385811A26DDCA0 /* [CP] Embed Pods Frameworks */,
			);
			buildRules = (
			);
			dependencies = (
				69AC264C25E7A2450070F119 /* PBXTargetDependency */,
			);
			name = testtttttttUITests;
			productName = testtttttttUITests;
			productReference = 69AC264A25E7A2450070F119 /* testtttttttUITests.xctest */;
			productType = "com.apple.product-type.bundle.ui-testing";
		};
/* End PBXNativeTarget section */

/* Begin PBXProject section */
		69AC262125E7A2440070F119 /* Project object */ = {
			isa = PBXProject;
			attributes = {
				LastSwiftUpdateCheck = 1240;
				LastUpgradeCheck = 1240;
				TargetAttributes = {
					69AC262825E7A2440070F119 = {
						CreatedOnToolsVersion = 12.4;
					};
					69AC263E25E7A2450070F119 = {
						CreatedOnToolsVersion = 12.4;
						TestTargetID = 69AC262825E7A2440070F119;
					};
					69AC264925E7A2450070F119 = {
						CreatedOnToolsVersion = 12.4;
						TestTargetID = 69AC262825E7A2440070F119;
					};
				};
			};
			buildConfigurationList = 69AC262425E7A2440070F119 /* Build configuration list for PBXProject "testttttttt" */;
			compatibilityVersion = "Xcode 9.3";
			developmentRegion = en;
			hasScannedForEncodings = 0;
			knownRegions = (
				en,
				Base,
			);
			mainGroup = 69AC262025E7A2440070F119;
			productRefGroup = 69AC262A25E7A2440070F119 /* Products */;
			projectDirPath = "";
			projectRoot = "";
			targets = (
				69AC262825E7A2440070F119 /* testttttttt */,
				69AC263E25E7A2450070F119 /* testtttttttTests */,
				69AC264925E7A2450070F119 /* testtttttttUITests */,
			);
		};
/* End PBXProject section */

/* Begin PBXResourcesBuildPhase section */
		69AC262725E7A2440070F119 /* Resources */ = {
			isa = PBXResourcesBuildPhase;
			buildActionMask = 2147483647;
			files = (
				69AC263925E7A2440070F119 /* LaunchScreen.storyboard in Resources */,
				6950F34D263007F500F830A5 /* SearchBarTableViewCell.xib in Resources */,
				695FF762261EC89A00E436AF /* ToastNotificationView.xib in Resources */,
				695FF750261EC17D00E436AF /* View.xib in Resources */,
				69AC269825E7B4E30070F119 /* TableViewCell.xib in Resources */,
				6950F341262FF57F00F830A5 /* SearchBarView.xib in Resources */,
				69AC263625E7A2440070F119 /* Assets.xcassets in Resources */,
				69AC263425E7A2440070F119 /* Main.storyboard in Resources */,
			);
			runOnlyForDeploymentPostprocessing = 0;
		};
		69AC263D25E7A2450070F119 /* Resources */ = {
			isa = PBXResourcesBuildPhase;
			buildActionMask = 2147483647;
			files = (
			);
			runOnlyForDeploymentPostprocessing = 0;
		};
		69AC264825E7A2450070F119 /* Resources */ = {
			isa = PBXResourcesBuildPhase;
			buildActionMask = 2147483647;
			files = (
			);
			runOnlyForDeploymentPostprocessing = 0;
		};
/* End PBXResourcesBuildPhase section */

/* Begin PBXShellScriptBuildPhase section */
		135EBEA1CA385811A26DDCA0 /* [CP] Embed Pods Frameworks */ = {
			isa = PBXShellScriptBuildPhase;
			buildActionMask = 2147483647;
			files = (
			);
			inputFileListPaths = (
				"${PODS_ROOT}/Target Support Files/Pods-testttttttt-testtttttttUITests/Pods-testttttttt-testtttttttUITests-frameworks-${CONFIGURATION}-input-files.xcfilelist",
			);
			name = "[CP] Embed Pods Frameworks";
			outputFileListPaths = (
				"${PODS_ROOT}/Target Support Files/Pods-testttttttt-testtttttttUITests/Pods-testttttttt-testtttttttUITests-frameworks-${CONFIGURATION}-output-files.xcfilelist",
			);
			runOnlyForDeploymentPostprocessing = 0;
			shellPath = /bin/sh;
			shellScript = "\"${PODS_ROOT}/Target Support Files/Pods-testttttttt-testtttttttUITests/Pods-testttttttt-testtttttttUITests-frameworks.sh\"\n";
			showEnvVarsInLog = 0;
		};
		2656DC6D80532B3C610F8BD4 /* [CP] Embed Pods Frameworks */ = {
			isa = PBXShellScriptBuildPhase;
			buildActionMask = 2147483647;
			files = (
			);
			inputFileListPaths = (
				"${PODS_ROOT}/Target Support Files/Pods-testttttttt/Pods-testttttttt-frameworks-${CONFIGURATION}-input-files.xcfilelist",
			);
			name = "[CP] Embed Pods Frameworks";
			outputFileListPaths = (
				"${PODS_ROOT}/Target Support Files/Pods-testttttttt/Pods-testttttttt-frameworks-${CONFIGURATION}-output-files.xcfilelist",
			);
			runOnlyForDeploymentPostprocessing = 0;
			shellPath = /bin/sh;
			shellScript = "\"${PODS_ROOT}/Target Support Files/Pods-testttttttt/Pods-testttttttt-frameworks.sh\"\n";
			showEnvVarsInLog = 0;
		};
		2D0BFC056E1C357980ED0D90 /* [CP] Check Pods Manifest.lock */ = {
			isa = PBXShellScriptBuildPhase;
			buildActionMask = 2147483647;
			files = (
			);
			inputFileListPaths = (
			);
			inputPaths = (
				"${PODS_PODFILE_DIR_PATH}/Podfile.lock",
				"${PODS_ROOT}/Manifest.lock",
			);
			name = "[CP] Check Pods Manifest.lock";
			outputFileListPaths = (
			);
			outputPaths = (
				"$(DERIVED_FILE_DIR)/Pods-testttttttt-checkManifestLockResult.txt",
			);
			runOnlyForDeploymentPostprocessing = 0;
			shellPath = /bin/sh;
			shellScript = "diff \"${PODS_PODFILE_DIR_PATH}/Podfile.lock\" \"${PODS_ROOT}/Manifest.lock\" > /dev/null\nif [ $? != 0 ] ; then\n    # print error to STDERR\n    echo \"error: The sandbox is not in sync with the Podfile.lock. Run 'pod install' or update your CocoaPods installation.\" >&2\n    exit 1\nfi\n# This output is used by Xcode 'outputs' to avoid re-running this script phase.\necho \"SUCCESS\" > \"${SCRIPT_OUTPUT_FILE_0}\"\n";
			showEnvVarsInLog = 0;
		};
		6839E638D16B52E43E4EDB16 /* [CP] Check Pods Manifest.lock */ = {
			isa = PBXShellScriptBuildPhase;
			buildActionMask = 2147483647;
			files = (
			);
			inputFileListPaths = (
			);
			inputPaths = (
				"${PODS_PODFILE_DIR_PATH}/Podfile.lock",
				"${PODS_ROOT}/Manifest.lock",
			);
			name = "[CP] Check Pods Manifest.lock";
			outputFileListPaths = (
			);
			outputPaths = (
				"$(DERIVED_FILE_DIR)/Pods-testtttttttTests-checkManifestLockResult.txt",
			);
			runOnlyForDeploymentPostprocessing = 0;
			shellPath = /bin/sh;
			shellScript = "diff \"${PODS_PODFILE_DIR_PATH}/Podfile.lock\" \"${PODS_ROOT}/Manifest.lock\" > /dev/null\nif [ $? != 0 ] ; then\n    # print error to STDERR\n    echo \"error: The sandbox is not in sync with the Podfile.lock. Run 'pod install' or update your CocoaPods installation.\" >&2\n    exit 1\nfi\n# This output is used by Xcode 'outputs' to avoid re-running this script phase.\necho \"SUCCESS\" > \"${SCRIPT_OUTPUT_FILE_0}\"\n";
			showEnvVarsInLog = 0;
		};
		938C9E55182757CADE1A308A /* [CP] Check Pods Manifest.lock */ = {
			isa = PBXShellScriptBuildPhase;
			buildActionMask = 2147483647;
			files = (
			);
			inputFileListPaths = (
			);
			inputPaths = (
				"${PODS_PODFILE_DIR_PATH}/Podfile.lock",
				"${PODS_ROOT}/Manifest.lock",
			);
			name = "[CP] Check Pods Manifest.lock";
			outputFileListPaths = (
			);
			outputPaths = (
				"$(DERIVED_FILE_DIR)/Pods-testttttttt-testtttttttUITests-checkManifestLockResult.txt",
			);
			runOnlyForDeploymentPostprocessing = 0;
			shellPath = /bin/sh;
			shellScript = "diff \"${PODS_PODFILE_DIR_PATH}/Podfile.lock\" \"${PODS_ROOT}/Manifest.lock\" > /dev/null\nif [ $? != 0 ] ; then\n    # print error to STDERR\n    echo \"error: The sandbox is not in sync with the Podfile.lock. Run 'pod install' or update your CocoaPods installation.\" >&2\n    exit 1\nfi\n# This output is used by Xcode 'outputs' to avoid re-running this script phase.\necho \"SUCCESS\" > \"${SCRIPT_OUTPUT_FILE_0}\"\n";
			showEnvVarsInLog = 0;
		};
/* End PBXShellScriptBuildPhase section */

/* Begin PBXSourcesBuildPhase section */
		69AC262525E7A2440070F119 /* Sources */ = {
			isa = PBXSourcesBuildPhase;
			buildActionMask = 2147483647;
			files = (
				695FF755261EC18B00E436AF /* VIew.swift in Sources */,
				F1193B04266DD73E00AA1FCE /* TestWorker.swift in Sources */,
				69AC266A25E7A2860070F119 /* MainPresenter.swift in Sources */,
				69AC266C25E7A2860070F119 /* MainRouter.swift in Sources */,
				F1193B06266DD73E00AA1FCE /* TestModels.swift in Sources */,
				69AC263125E7A2440070F119 /* ViewController.swift in Sources */,
				69AC266F25E7A2860070F119 /* MainInteractor.swift in Sources */,
				6950F34C263007F500F830A5 /* SearchBarTableViewCell.swift in Sources */,
				6950F346263001D700F830A5 /* SearchBarView.swift in Sources */,
				69AC268D25E7B1970070F119 /* TableDynamicModels.swift in Sources */,
				69AC269725E7B4E30070F119 /* TableViewCell.swift in Sources */,
				69AC262D25E7A2440070F119 /* AppDelegate.swift in Sources */,
				F1193B03266DD73E00AA1FCE /* TestPresenter.swift in Sources */,
				F1193B08266DD73E00AA1FCE /* TestInteractor.swift in Sources */,
				F1193B02266DD73E00AA1FCE /* TestConfiguration.swift in Sources */,
				69AC268C25E7B1970070F119 /* TableDynamicRouter.swift in Sources */,
				69AC266D25E7A2860070F119 /* MainModels.swift in Sources */,
				6950F3522630119900F830A5 /* SearchBarComponent.swift in Sources */,
				69AC268B25E7B1970070F119 /* TableDynamicWorker.swift in Sources */,
				F1193B07266DD73E00AA1FCE /* TestViewController.swift in Sources */,
				69AC268F25E7B1970070F119 /* TableDynamicInteractor.swift in Sources */,
				F1193B09266DD73E00AA1FCE /* TestProtocol.swift in Sources */,
				69AC262F25E7A2440070F119 /* SceneDelegate.swift in Sources */,
				69AC268925E7B1970070F119 /* TableDynamicConfiguration.swift in Sources */,
				69AC266E25E7A2860070F119 /* MainViewController.swift in Sources */,
				69AC269025E7B1970070F119 /* TableDynamicProtocol.swift in Sources */,
				69AC267025E7A2860070F119 /* MainProtocol.swift in Sources */,
				69AC268E25E7B1970070F119 /* TableDynamicViewController.swift in Sources */,
				695FF75D261EC71600E436AF /* ttttt.swift in Sources */,
				69AC268A25E7B1970070F119 /* TableDynamicPresenter.swift in Sources */,
				F1193B05266DD73E00AA1FCE /* TestRouter.swift in Sources */,
				69AC266B25E7A2860070F119 /* MainWorker.swift in Sources */,
				695FF767261EC8A100E436AF /* ToastNotificationView.swift in Sources */,
				69AC266925E7A2860070F119 /* MainConfiguration.swift in Sources */,
			);
			runOnlyForDeploymentPostprocessing = 0;
		};
		69AC263B25E7A2450070F119 /* Sources */ = {
			isa = PBXSourcesBuildPhase;
			buildActionMask = 2147483647;
			files = (
				69AC264425E7A2450070F119 /* testtttttttTests.swift in Sources */,
			);
			runOnlyForDeploymentPostprocessing = 0;
		};
		69AC264625E7A2450070F119 /* Sources */ = {
			isa = PBXSourcesBuildPhase;
			buildActionMask = 2147483647;
			files = (
				69AC264F25E7A2450070F119 /* testtttttttUITests.swift in Sources */,
			);
			runOnlyForDeploymentPostprocessing = 0;
		};
/* End PBXSourcesBuildPhase section */

/* Begin PBXTargetDependency section */
		69AC264125E7A2450070F119 /* PBXTargetDependency */ = {
			isa = PBXTargetDependency;
			target = 69AC262825E7A2440070F119 /* testttttttt */;
			targetProxy = 69AC264025E7A2450070F119 /* PBXContainerItemProxy */;
		};
		69AC264C25E7A2450070F119 /* PBXTargetDependency */ = {
			isa = PBXTargetDependency;
			target = 69AC262825E7A2440070F119 /* testttttttt */;
			targetProxy = 69AC264B25E7A2450070F119 /* PBXContainerItemProxy */;
		};
/* End PBXTargetDependency section */

/* Begin PBXVariantGroup section */
		69AC263225E7A2440070F119 /* Main.storyboard */ = {
			isa = PBXVariantGroup;
			children = (
				69AC263325E7A2440070F119 /* Base */,
			);
			name = Main.storyboard;
			sourceTree = "<group>";
		};
		69AC263725E7A2440070F119 /* LaunchScreen.storyboard */ = {
			isa = PBXVariantGroup;
			children = (
				69AC263825E7A2440070F119 /* Base */,
			);
			name = LaunchScreen.storyboard;
			sourceTree = "<group>";
		};
/* End PBXVariantGroup section */

/* Begin XCBuildConfiguration section */
		69AC265125E7A2450070F119 /* Debug */ = {
			isa = XCBuildConfiguration;
			buildSettings = {
				ALWAYS_SEARCH_USER_PATHS = NO;
				CLANG_ANALYZER_NONNULL = YES;
				CLANG_ANALYZER_NUMBER_OBJECT_CONVERSION = YES_AGGRESSIVE;
				CLANG_CXX_LANGUAGE_STANDARD = "gnu++14";
				CLANG_CXX_LIBRARY = "libc++";
				CLANG_ENABLE_MODULES = YES;
				CLANG_ENABLE_OBJC_ARC = YES;
				CLANG_ENABLE_OBJC_WEAK = YES;
				CLANG_WARN_BLOCK_CAPTURE_AUTORELEASING = YES;
				CLANG_WARN_BOOL_CONVERSION = YES;
				CLANG_WARN_COMMA = YES;
				CLANG_WARN_CONSTANT_CONVERSION = YES;
				CLANG_WARN_DEPRECATED_OBJC_IMPLEMENTATIONS = YES;
				CLANG_WARN_DIRECT_OBJC_ISA_USAGE = YES_ERROR;
				CLANG_WARN_DOCUMENTATION_COMMENTS = YES;
				CLANG_WARN_EMPTY_BODY = YES;
				CLANG_WARN_ENUM_CONVERSION = YES;
				CLANG_WARN_INFINITE_RECURSION = YES;
				CLANG_WARN_INT_CONVERSION = YES;
				CLANG_WARN_NON_LITERAL_NULL_CONVERSION = YES;
				CLANG_WARN_OBJC_IMPLICIT_RETAIN_SELF = YES;
				CLANG_WARN_OBJC_LITERAL_CONVERSION = YES;
				CLANG_WARN_OBJC_ROOT_CLASS = YES_ERROR;
				CLANG_WARN_QUOTED_INCLUDE_IN_FRAMEWORK_HEADER = YES;
				CLANG_WARN_RANGE_LOOP_ANALYSIS = YES;
				CLANG_WARN_STRICT_PROTOTYPES = YES;
				CLANG_WARN_SUSPICIOUS_MOVE = YES;
				CLANG_WARN_UNGUARDED_AVAILABILITY = YES_AGGRESSIVE;
				CLANG_WARN_UNREACHABLE_CODE = YES;
				CLANG_WARN__DUPLICATE_METHOD_MATCH = YES;
				COPY_PHASE_STRIP = NO;
				DEBUG_INFORMATION_FORMAT = dwarf;
				ENABLE_STRICT_OBJC_MSGSEND = YES;
				ENABLE_TESTABILITY = YES;
				GCC_C_LANGUAGE_STANDARD = gnu11;
				GCC_DYNAMIC_NO_PIC = NO;
				GCC_NO_COMMON_BLOCKS = YES;
				GCC_OPTIMIZATION_LEVEL = 0;
				GCC_PREPROCESSOR_DEFINITIONS = (
					"DEBUG=1",
					"$(inherited)",
				);
				GCC_WARN_64_TO_32_BIT_CONVERSION = YES;
				GCC_WARN_ABOUT_RETURN_TYPE = YES_ERROR;
				GCC_WARN_UNDECLARED_SELECTOR = YES;
				GCC_WARN_UNINITIALIZED_AUTOS = YES_AGGRESSIVE;
				GCC_WARN_UNUSED_FUNCTION = YES;
				GCC_WARN_UNUSED_VARIABLE = YES;
				IPHONEOS_DEPLOYMENT_TARGET = 13.0;
				MTL_ENABLE_DEBUG_INFO = INCLUDE_SOURCE;
				MTL_FAST_MATH = YES;
				ONLY_ACTIVE_ARCH = YES;
				SDKROOT = iphoneos;
				SWIFT_ACTIVE_COMPILATION_CONDITIONS = DEBUG;
				SWIFT_OPTIMIZATION_LEVEL = "-Onone";
			};
			name = Debug;
		};
		69AC265225E7A2450070F119 /* Release */ = {
			isa = XCBuildConfiguration;
			buildSettings = {
				ALWAYS_SEARCH_USER_PATHS = NO;
				CLANG_ANALYZER_NONNULL = YES;
				CLANG_ANALYZER_NUMBER_OBJECT_CONVERSION = YES_AGGRESSIVE;
				CLANG_CXX_LANGUAGE_STANDARD = "gnu++14";
				CLANG_CXX_LIBRARY = "libc++";
				CLANG_ENABLE_MODULES = YES;
				CLANG_ENABLE_OBJC_ARC = YES;
				CLANG_ENABLE_OBJC_WEAK = YES;
				CLANG_WARN_BLOCK_CAPTURE_AUTORELEASING = YES;
				CLANG_WARN_BOOL_CONVERSION = YES;
				CLANG_WARN_COMMA = YES;
				CLANG_WARN_CONSTANT_CONVERSION = YES;
				CLANG_WARN_DEPRECATED_OBJC_IMPLEMENTATIONS = YES;
				CLANG_WARN_DIRECT_OBJC_ISA_USAGE = YES_ERROR;
				CLANG_WARN_DOCUMENTATION_COMMENTS = YES;
				CLANG_WARN_EMPTY_BODY = YES;
				CLANG_WARN_ENUM_CONVERSION = YES;
				CLANG_WARN_INFINITE_RECURSION = YES;
				CLANG_WARN_INT_CONVERSION = YES;
				CLANG_WARN_NON_LITERAL_NULL_CONVERSION = YES;
				CLANG_WARN_OBJC_IMPLICIT_RETAIN_SELF = YES;
				CLANG_WARN_OBJC_LITERAL_CONVERSION = YES;
				CLANG_WARN_OBJC_ROOT_CLASS = YES_ERROR;
				CLANG_WARN_QUOTED_INCLUDE_IN_FRAMEWORK_HEADER = YES;
				CLANG_WARN_RANGE_LOOP_ANALYSIS = YES;
				CLANG_WARN_STRICT_PROTOTYPES = YES;
				CLANG_WARN_SUSPICIOUS_MOVE = YES;
				CLANG_WARN_UNGUARDED_AVAILABILITY = YES_AGGRESSIVE;
				CLANG_WARN_UNREACHABLE_CODE = YES;
				CLANG_WARN__DUPLICATE_METHOD_MATCH = YES;
				COPY_PHASE_STRIP = NO;
				DEBUG_INFORMATION_FORMAT = "dwarf-with-dsym";
				ENABLE_NS_ASSERTIONS = NO;
				ENABLE_STRICT_OBJC_MSGSEND = YES;
				GCC_C_LANGUAGE_STANDARD = gnu11;
				GCC_NO_COMMON_BLOCKS = YES;
				GCC_WARN_64_TO_32_BIT_CONVERSION = YES;
				GCC_WARN_ABOUT_RETURN_TYPE = YES_ERROR;
				GCC_WARN_UNDECLARED_SELECTOR = YES;
				GCC_WARN_UNINITIALIZED_AUTOS = YES_AGGRESSIVE;
				GCC_WARN_UNUSED_FUNCTION = YES;
				GCC_WARN_UNUSED_VARIABLE = YES;
				IPHONEOS_DEPLOYMENT_TARGET = 13.0;
				MTL_ENABLE_DEBUG_INFO = NO;
				MTL_FAST_MATH = YES;
				SDKROOT = iphoneos;
				SWIFT_COMPILATION_MODE = wholemodule;
				SWIFT_OPTIMIZATION_LEVEL = "-O";
				VALIDATE_PRODUCT = YES;
			};
			name = Release;
		};
		69AC265425E7A2450070F119 /* Debug */ = {
			isa = XCBuildConfiguration;
			baseConfigurationReference = E83DFCC17D17CC19D84EA1B7 /* Pods-testttttttt.debug.xcconfig */;
			buildSettings = {
				ASSETCATALOG_COMPILER_APPICON_NAME = AppIcon;
				ASSETCATALOG_COMPILER_GLOBAL_ACCENT_COLOR_NAME = AccentColor;
				CODE_SIGN_IDENTITY = "Apple Development";
				CODE_SIGN_STYLE = Automatic;
				DEVELOPMENT_TEAM = "";
				INFOPLIST_FILE = testttttttt/Info.plist;
				IPHONEOS_DEPLOYMENT_TARGET = 13.0;
				LD_RUNPATH_SEARCH_PATHS = (
					"$(inherited)",
					"@executable_path/Frameworks",
				);
				PRODUCT_BUNDLE_IDENTIFIER = test.testttttttt;
				PRODUCT_NAME = "$(TARGET_NAME)";
				PROVISIONING_PROFILE_SPECIFIER = "";
				SWIFT_VERSION = 5.0;
				TARGETED_DEVICE_FAMILY = "1,2";
			};
			name = Debug;
		};
		69AC265525E7A2450070F119 /* Release */ = {
			isa = XCBuildConfiguration;
			baseConfigurationReference = B0328B7E3DD45471C8C62A20 /* Pods-testttttttt.release.xcconfig */;
			buildSettings = {
				ASSETCATALOG_COMPILER_APPICON_NAME = AppIcon;
				ASSETCATALOG_COMPILER_GLOBAL_ACCENT_COLOR_NAME = AccentColor;
				CODE_SIGN_IDENTITY = "Apple Development";
				CODE_SIGN_STYLE = Automatic;
				DEVELOPMENT_TEAM = "";
				INFOPLIST_FILE = testttttttt/Info.plist;
				IPHONEOS_DEPLOYMENT_TARGET = 13.0;
				LD_RUNPATH_SEARCH_PATHS = (
					"$(inherited)",
					"@executable_path/Frameworks",
				);
				PRODUCT_BUNDLE_IDENTIFIER = test.testttttttt;
				PRODUCT_NAME = "$(TARGET_NAME)";
				PROVISIONING_PROFILE_SPECIFIER = "";
				SWIFT_VERSION = 5.0;
				TARGETED_DEVICE_FAMILY = "1,2";
			};
			name = Release;
		};
		69AC265725E7A2450070F119 /* Debug */ = {
			isa = XCBuildConfiguration;
			baseConfigurationReference = 1D326BFD4850F592FABC627C /* Pods-testtttttttTests.debug.xcconfig */;
			buildSettings = {
				ALWAYS_EMBED_SWIFT_STANDARD_LIBRARIES = YES;
				BUNDLE_LOADER = "$(TEST_HOST)";
				CODE_SIGN_STYLE = Automatic;
				INFOPLIST_FILE = testtttttttTests/Info.plist;
				IPHONEOS_DEPLOYMENT_TARGET = 14.4;
				LD_RUNPATH_SEARCH_PATHS = (
					"$(inherited)",
					"@executable_path/Frameworks",
					"@loader_path/Frameworks",
				);
				PRODUCT_BUNDLE_IDENTIFIER = test.testtttttttTests;
				PRODUCT_NAME = "$(TARGET_NAME)";
				SWIFT_VERSION = 5.0;
				TARGETED_DEVICE_FAMILY = "1,2";
				TEST_HOST = "$(BUILT_PRODUCTS_DIR)/testttttttt.app/testttttttt";
			};
			name = Debug;
		};
		69AC265825E7A2450070F119 /* Release */ = {
			isa = XCBuildConfiguration;
			baseConfigurationReference = F43306A75E6D45855BD1C8F0 /* Pods-testtttttttTests.release.xcconfig */;
			buildSettings = {
				ALWAYS_EMBED_SWIFT_STANDARD_LIBRARIES = YES;
				BUNDLE_LOADER = "$(TEST_HOST)";
				CODE_SIGN_STYLE = Automatic;
				INFOPLIST_FILE = testtttttttTests/Info.plist;
				IPHONEOS_DEPLOYMENT_TARGET = 14.4;
				LD_RUNPATH_SEARCH_PATHS = (
					"$(inherited)",
					"@executable_path/Frameworks",
					"@loader_path/Frameworks",
				);
				PRODUCT_BUNDLE_IDENTIFIER = test.testtttttttTests;
				PRODUCT_NAME = "$(TARGET_NAME)";
				SWIFT_VERSION = 5.0;
				TARGETED_DEVICE_FAMILY = "1,2";
				TEST_HOST = "$(BUILT_PRODUCTS_DIR)/testttttttt.app/testttttttt";
			};
			name = Release;
		};
		69AC265A25E7A2450070F119 /* Debug */ = {
			isa = XCBuildConfiguration;
			baseConfigurationReference = C5C760D90655ABEF6335669C /* Pods-testttttttt-testtttttttUITests.debug.xcconfig */;
			buildSettings = {
				ALWAYS_EMBED_SWIFT_STANDARD_LIBRARIES = YES;
				CODE_SIGN_STYLE = Automatic;
				INFOPLIST_FILE = testtttttttUITests/Info.plist;
				LD_RUNPATH_SEARCH_PATHS = (
					"$(inherited)",
					"@executable_path/Frameworks",
					"@loader_path/Frameworks",
				);
				PRODUCT_BUNDLE_IDENTIFIER = test.testtttttttUITests;
				PRODUCT_NAME = "$(TARGET_NAME)";
				SWIFT_VERSION = 5.0;
				TARGETED_DEVICE_FAMILY = "1,2";
				TEST_TARGET_NAME = testttttttt;
			};
			name = Debug;
		};
		69AC265B25E7A2450070F119 /* Release */ = {
			isa = XCBuildConfiguration;
			baseConfigurationReference = 507E810517FF41C96ED309C2 /* Pods-testttttttt-testtttttttUITests.release.xcconfig */;
			buildSettings = {
				ALWAYS_EMBED_SWIFT_STANDARD_LIBRARIES = YES;
				CODE_SIGN_STYLE = Automatic;
				INFOPLIST_FILE = testtttttttUITests/Info.plist;
				LD_RUNPATH_SEARCH_PATHS = (
					"$(inherited)",
					"@executable_path/Frameworks",
					"@loader_path/Frameworks",
				);
				PRODUCT_BUNDLE_IDENTIFIER = test.testtttttttUITests;
				PRODUCT_NAME = "$(TARGET_NAME)";
				SWIFT_VERSION = 5.0;
				TARGETED_DEVICE_FAMILY = "1,2";
				TEST_TARGET_NAME = testttttttt;
			};
			name = Release;
		};
/* End XCBuildConfiguration section */

/* Begin XCConfigurationList section */
		69AC262425E7A2440070F119 /* Build configuration list for PBXProject "testttttttt" */ = {
			isa = XCConfigurationList;
			buildConfigurations = (
				69AC265125E7A2450070F119 /* Debug */,
				69AC265225E7A2450070F119 /* Release */,
			);
			defaultConfigurationIsVisible = 0;
			defaultConfigurationName = Release;
		};
		69AC265325E7A2450070F119 /* Build configuration list for PBXNativeTarget "testttttttt" */ = {
			isa = XCConfigurationList;
			buildConfigurations = (
				69AC265425E7A2450070F119 /* Debug */,
				69AC265525E7A2450070F119 /* Release */,
			);
			defaultConfigurationIsVisible = 0;
			defaultConfigurationName = Release;
		};
		69AC265625E7A2450070F119 /* Build configuration list for PBXNativeTarget "testtttttttTests" */ = {
			isa = XCConfigurationList;
			buildConfigurations = (
				69AC265725E7A2450070F119 /* Debug */,
				69AC265825E7A2450070F119 /* Release */,
			);
			defaultConfigurationIsVisible = 0;
			defaultConfigurationName = Release;
		};
		69AC265925E7A2450070F119 /* Build configuration list for PBXNativeTarget "testtttttttUITests" */ = {
			isa = XCConfigurationList;
			buildConfigurations = (
				69AC265A25E7A2450070F119 /* Debug */,
				69AC265B25E7A2450070F119 /* Release */,
			);
			defaultConfigurationIsVisible = 0;
			defaultConfigurationName = Release;
		};
/* End XCConfigurationList section */
	};
	rootObject = 69AC262125E7A2440070F119 /* Project object */;
}
